// !$*UTF8*$!
{
	archiveVersion = 1;
	classes = {
	};
	objectVersion = 50;
	objects = {

/* Begin PBXBuildFile section */
		C5C7DCDA221B51B200DE1848 /* AppDelegate.swift in Sources */ = {isa = PBXBuildFile; fileRef = C5C7DCD9221B51B200DE1848 /* AppDelegate.swift */; };
		C5C7DCDC221B51B200DE1848 /* ViewController.swift in Sources */ = {isa = PBXBuildFile; fileRef = C5C7DCDB221B51B200DE1848 /* ViewController.swift */; };
		C5C7DCDF221B51B200DE1848 /* Main.storyboard in Resources */ = {isa = PBXBuildFile; fileRef = C5C7DCDD221B51B200DE1848 /* Main.storyboard */; };
		C5C7DCE1221B51B300DE1848 /* Assets.xcassets in Resources */ = {isa = PBXBuildFile; fileRef = C5C7DCE0221B51B300DE1848 /* Assets.xcassets */; };
		C5C7DCE4221B51B300DE1848 /* LaunchScreen.storyboard in Resources */ = {isa = PBXBuildFile; fileRef = C5C7DCE2221B51B300DE1848 /* LaunchScreen.storyboard */; };
		C5C7DCEF221B51B300DE1848 /* RxStateManagementTests.swift in Sources */ = {isa = PBXBuildFile; fileRef = C5C7DCEE221B51B300DE1848 /* RxStateManagementTests.swift */; };
		C5C7DCFA221B51B400DE1848 /* RxStateManagementUITests.swift in Sources */ = {isa = PBXBuildFile; fileRef = C5C7DCF9221B51B400DE1848 /* RxStateManagementUITests.swift */; };
/* End PBXBuildFile section */

/* Begin PBXContainerItemProxy section */
		C5C7DCEB221B51B300DE1848 /* PBXContainerItemProxy */ = {
			isa = PBXContainerItemProxy;
			containerPortal = C5C7DCCE221B51B200DE1848 /* Project object */;
			proxyType = 1;
			remoteGlobalIDString = C5C7DCD5221B51B200DE1848;
			remoteInfo = RxStateManagement;
		};
		C5C7DCF6221B51B400DE1848 /* PBXContainerItemProxy */ = {
			isa = PBXContainerItemProxy;
			containerPortal = C5C7DCCE221B51B200DE1848 /* Project object */;
			proxyType = 1;
			remoteGlobalIDString = C5C7DCD5221B51B200DE1848;
			remoteInfo = RxStateManagement;
		};
/* End PBXContainerItemProxy section */

/* Begin PBXFileReference section */
		C5C7DCD6221B51B200DE1848 /* RxStateManagement.app */ = {isa = PBXFileReference; explicitFileType = wrapper.application; includeInIndex = 0; path = RxStateManagement.app; sourceTree = BUILT_PRODUCTS_DIR; };
		C5C7DCD9221B51B200DE1848 /* AppDelegate.swift */ = {isa = PBXFileReference; lastKnownFileType = sourcecode.swift; path = AppDelegate.swift; sourceTree = "<group>"; };
		C5C7DCDB221B51B200DE1848 /* ViewController.swift */ = {isa = PBXFileReference; lastKnownFileType = sourcecode.swift; path = ViewController.swift; sourceTree = "<group>"; };
		C5C7DCDE221B51B200DE1848 /* Base */ = {isa = PBXFileReference; lastKnownFileType = file.storyboard; name = Base; path = Base.lproj/Main.storyboard; sourceTree = "<group>"; };
		C5C7DCE0221B51B300DE1848 /* Assets.xcassets */ = {isa = PBXFileReference; lastKnownFileType = folder.assetcatalog; path = Assets.xcassets; sourceTree = "<group>"; };
		C5C7DCE3221B51B300DE1848 /* Base */ = {isa = PBXFileReference; lastKnownFileType = file.storyboard; name = Base; path = Base.lproj/LaunchScreen.storyboard; sourceTree = "<group>"; };
		C5C7DCE5221B51B300DE1848 /* Info.plist */ = {isa = PBXFileReference; lastKnownFileType = text.plist.xml; path = Info.plist; sourceTree = "<group>"; };
		C5C7DCEA221B51B300DE1848 /* RxStateManagementTests.xctest */ = {isa = PBXFileReference; explicitFileType = wrapper.cfbundle; includeInIndex = 0; path = RxStateManagementTests.xctest; sourceTree = BUILT_PRODUCTS_DIR; };
		C5C7DCEE221B51B300DE1848 /* RxStateManagementTests.swift */ = {isa = PBXFileReference; lastKnownFileType = sourcecode.swift; path = RxStateManagementTests.swift; sourceTree = "<group>"; };
		C5C7DCF0221B51B300DE1848 /* Info.plist */ = {isa = PBXFileReference; lastKnownFileType = text.plist.xml; path = Info.plist; sourceTree = "<group>"; };
		C5C7DCF5221B51B400DE1848 /* RxStateManagementUITests.xctest */ = {isa = PBXFileReference; explicitFileType = wrapper.cfbundle; includeInIndex = 0; path = RxStateManagementUITests.xctest; sourceTree = BUILT_PRODUCTS_DIR; };
		C5C7DCF9221B51B400DE1848 /* RxStateManagementUITests.swift */ = {isa = PBXFileReference; lastKnownFileType = sourcecode.swift; path = RxStateManagementUITests.swift; sourceTree = "<group>"; };
		C5C7DCFB221B51B400DE1848 /* Info.plist */ = {isa = PBXFileReference; lastKnownFileType = text.plist.xml; path = Info.plist; sourceTree = "<group>"; };
/* End PBXFileReference section */

/* Begin PBXFrameworksBuildPhase section */
		C5C7DCD3221B51B200DE1848 /* Frameworks */ = {
			isa = PBXFrameworksBuildPhase;
			buildActionMask = 2147483647;
			files = (
			);
			runOnlyForDeploymentPostprocessing = 0;
		};
		C5C7DCE7221B51B300DE1848 /* Frameworks */ = {
			isa = PBXFrameworksBuildPhase;
			buildActionMask = 2147483647;
			files = (
			);
			runOnlyForDeploymentPostprocessing = 0;
		};
		C5C7DCF2221B51B400DE1848 /* Frameworks */ = {
			isa = PBXFrameworksBuildPhase;
			buildActionMask = 2147483647;
			files = (
			);
			runOnlyForDeploymentPostprocessing = 0;
		};
/* End PBXFrameworksBuildPhase section */

/* Begin PBXGroup section */
		C5C7DCCD221B51B200DE1848 = {
			isa = PBXGroup;
			children = (
				C5C7DCD8221B51B200DE1848 /* RxStateManagement */,
				C5C7DCED221B51B300DE1848 /* RxStateManagementTests */,
				C5C7DCF8221B51B400DE1848 /* RxStateManagementUITests */,
				C5C7DCD7221B51B200DE1848 /* Products */,
			);
			sourceTree = "<group>";
		};
		C5C7DCD7221B51B200DE1848 /* Products */ = {
			isa = PBXGroup;
			children = (
				C5C7DCD6221B51B200DE1848 /* RxStateManagement.app */,
				C5C7DCEA221B51B300DE1848 /* RxStateManagementTests.xctest */,
				C5C7DCF5221B51B400DE1848 /* RxStateManagementUITests.xctest */,
			);
			name = Products;
			sourceTree = "<group>";
		};
		C5C7DCD8221B51B200DE1848 /* RxStateManagement */ = {
			isa = PBXGroup;
			children = (
				C5C7DCD9221B51B200DE1848 /* AppDelegate.swift */,
				C5C7DCDB221B51B200DE1848 /* ViewController.swift */,
				C5C7DCDD221B51B200DE1848 /* Main.storyboard */,
				C5C7DCE0221B51B300DE1848 /* Assets.xcassets */,
				C5C7DCE2221B51B300DE1848 /* LaunchScreen.storyboard */,
				C5C7DCE5221B51B300DE1848 /* Info.plist */,
			);
			path = RxStateManagement;
			sourceTree = "<group>";
		};
		C5C7DCED221B51B300DE1848 /* RxStateManagementTests */ = {
			isa = PBXGroup;
			children = (
				C5C7DCEE221B51B300DE1848 /* RxStateManagementTests.swift */,
				C5C7DCF0221B51B300DE1848 /* Info.plist */,
			);
			path = RxStateManagementTests;
			sourceTree = "<group>";
		};
		C5C7DCF8221B51B400DE1848 /* RxStateManagementUITests */ = {
			isa = PBXGroup;
			children = (
				C5C7DCF9221B51B400DE1848 /* RxStateManagementUITests.swift */,
				C5C7DCFB221B51B400DE1848 /* Info.plist */,
			);
			path = RxStateManagementUITests;
			sourceTree = "<group>";
		};
/* End PBXGroup section */

/* Begin PBXNativeTarget section */
		C5C7DCD5221B51B200DE1848 /* RxStateManagement */ = {
			isa = PBXNativeTarget;
			buildConfigurationList = C5C7DCFE221B51B400DE1848 /* Build configuration list for PBXNativeTarget "RxStateManagement" */;
			buildPhases = (
				C5C7DCD2221B51B200DE1848 /* Sources */,
				C5C7DCD3221B51B200DE1848 /* Frameworks */,
				C5C7DCD4221B51B200DE1848 /* Resources */,
			);
			buildRules = (
			);
			dependencies = (
			);
			name = RxStateManagement;
			productName = RxStateManagement;
			productReference = C5C7DCD6221B51B200DE1848 /* RxStateManagement.app */;
			productType = "com.apple.product-type.application";
		};
		C5C7DCE9221B51B300DE1848 /* RxStateManagementTests */ = {
			isa = PBXNativeTarget;
			buildConfigurationList = C5C7DD01221B51B400DE1848 /* Build configuration list for PBXNativeTarget "RxStateManagementTests" */;
			buildPhases = (
				C5C7DCE6221B51B300DE1848 /* Sources */,
				C5C7DCE7221B51B300DE1848 /* Frameworks */,
				C5C7DCE8221B51B300DE1848 /* Resources */,
			);
			buildRules = (
			);
			dependencies = (
				C5C7DCEC221B51B300DE1848 /* PBXTargetDependency */,
			);
			name = RxStateManagementTests;
			productName = RxStateManagementTests;
			productReference = C5C7DCEA221B51B300DE1848 /* RxStateManagementTests.xctest */;
			productType = "com.apple.product-type.bundle.unit-test";
		};
		C5C7DCF4221B51B400DE1848 /* RxStateManagementUITests */ = {
			isa = PBXNativeTarget;
			buildConfigurationList = C5C7DD04221B51B400DE1848 /* Build configuration list for PBXNativeTarget "RxStateManagementUITests" */;
			buildPhases = (
				C5C7DCF1221B51B400DE1848 /* Sources */,
				C5C7DCF2221B51B400DE1848 /* Frameworks */,
				C5C7DCF3221B51B400DE1848 /* Resources */,
			);
			buildRules = (
			);
			dependencies = (
				C5C7DCF7221B51B400DE1848 /* PBXTargetDependency */,
			);
			name = RxStateManagementUITests;
			productName = RxStateManagementUITests;
			productReference = C5C7DCF5221B51B400DE1848 /* RxStateManagementUITests.xctest */;
			productType = "com.apple.product-type.bundle.ui-testing";
		};
/* End PBXNativeTarget section */

/* Begin PBXProject section */
		C5C7DCCE221B51B200DE1848 /* Project object */ = {
			isa = PBXProject;
			attributes = {
				LastSwiftUpdateCheck = 1010;
				LastUpgradeCheck = 1010;
				ORGANIZATIONNAME = "Justin D. Steffen";
				TargetAttributes = {
					C5C7DCD5221B51B200DE1848 = {
						CreatedOnToolsVersion = 10.1;
					};
					C5C7DCE9221B51B300DE1848 = {
						CreatedOnToolsVersion = 10.1;
						TestTargetID = C5C7DCD5221B51B200DE1848;
					};
					C5C7DCF4221B51B400DE1848 = {
						CreatedOnToolsVersion = 10.1;
						TestTargetID = C5C7DCD5221B51B200DE1848;
					};
				};
			};
			buildConfigurationList = C5C7DCD1221B51B200DE1848 /* Build configuration list for PBXProject "RxStateManagement" */;
			compatibilityVersion = "Xcode 9.3";
			developmentRegion = en;
			hasScannedForEncodings = 0;
			knownRegions = (
				en,
				Base,
			);
			mainGroup = C5C7DCCD221B51B200DE1848;
			productRefGroup = C5C7DCD7221B51B200DE1848 /* Products */;
			projectDirPath = "";
			projectRoot = "";
			targets = (
				C5C7DCD5221B51B200DE1848 /* RxStateManagement */,
				C5C7DCE9221B51B300DE1848 /* RxStateManagementTests */,
				C5C7DCF4221B51B400DE1848 /* RxStateManagementUITests */,
			);
		};
/* End PBXProject section */

/* Begin PBXResourcesBuildPhase section */
		C5C7DCD4221B51B200DE1848 /* Resources */ = {
			isa = PBXResourcesBuildPhase;
			buildActionMask = 2147483647;
			files = (
				C5C7DCE4221B51B300DE1848 /* LaunchScreen.storyboard in Resources */,
				C5C7DCE1221B51B300DE1848 /* Assets.xcassets in Resources */,
				C5C7DCDF221B51B200DE1848 /* Main.storyboard in Resources */,
			);
			runOnlyForDeploymentPostprocessing = 0;
		};
		C5C7DCE8221B51B300DE1848 /* Resources */ = {
			isa = PBXResourcesBuildPhase;
			buildActionMask = 2147483647;
			files = (
			);
			runOnlyForDeploymentPostprocessing = 0;
		};
		C5C7DCF3221B51B400DE1848 /* Resources */ = {
			isa = PBXResourcesBuildPhase;
			buildActionMask = 2147483647;
			files = (
			);
			runOnlyForDeploymentPostprocessing = 0;
		};
/* End PBXResourcesBuildPhase section */

/* Begin PBXSourcesBuildPhase section */
		C5C7DCD2221B51B200DE1848 /* Sources */ = {
			isa = PBXSourcesBuildPhase;
			buildActionMask = 2147483647;
			files = (
				C5C7DCDC221B51B200DE1848 /* ViewController.swift in Sources */,
				C5C7DCDA221B51B200DE1848 /* AppDelegate.swift in Sources */,
			);
			runOnlyForDeploymentPostprocessing = 0;
		};
		C5C7DCE6221B51B300DE1848 /* Sources */ = {
			isa = PBXSourcesBuildPhase;
			buildActionMask = 2147483647;
			files = (
				C5C7DCEF221B51B300DE1848 /* RxStateManagementTests.swift in Sources */,
			);
			runOnlyForDeploymentPostprocessing = 0;
		};
		C5C7DCF1221B51B400DE1848 /* Sources */ = {
			isa = PBXSourcesBuildPhase;
			buildActionMask = 2147483647;
			files = (
				C5C7DCFA221B51B400DE1848 /* RxStateManagementUITests.swift in Sources */,
			);
			runOnlyForDeploymentPostprocessing = 0;
		};
/* End PBXSourcesBuildPhase section */

/* Begin PBXTargetDependency section */
		C5C7DCEC221B51B300DE1848 /* PBXTargetDependency */ = {
			isa = PBXTargetDependency;
			target = C5C7DCD5221B51B200DE1848 /* RxStateManagement */;
			targetProxy = C5C7DCEB221B51B300DE1848 /* PBXContainerItemProxy */;
		};
		C5C7DCF7221B51B400DE1848 /* PBXTargetDependency */ = {
			isa = PBXTargetDependency;
			target = C5C7DCD5221B51B200DE1848 /* RxStateManagement */;
			targetProxy = C5C7DCF6221B51B400DE1848 /* PBXContainerItemProxy */;
		};
/* End PBXTargetDependency section */

/* Begin PBXVariantGroup section */
		C5C7DCDD221B51B200DE1848 /* Main.storyboard */ = {
			isa = PBXVariantGroup;
			children = (
				C5C7DCDE221B51B200DE1848 /* Base */,
			);
			name = Main.storyboard;
			sourceTree = "<group>";
		};
		C5C7DCE2221B51B300DE1848 /* LaunchScreen.storyboard */ = {
			isa = PBXVariantGroup;
			children = (
				C5C7DCE3221B51B300DE1848 /* Base */,
			);
			name = LaunchScreen.storyboard;
			sourceTree = "<group>";
		};
/* End PBXVariantGroup section */

/* Begin XCBuildConfiguration section */
		C5C7DCFC221B51B400DE1848 /* Debug */ = {
			isa = XCBuildConfiguration;
			buildSettings = {
				ALWAYS_SEARCH_USER_PATHS = NO;
				CLANG_ANALYZER_NONNULL = YES;
				CLANG_ANALYZER_NUMBER_OBJECT_CONVERSION = YES_AGGRESSIVE;
				CLANG_CXX_LANGUAGE_STANDARD = "gnu++14";
				CLANG_CXX_LIBRARY = "libc++";
				CLANG_ENABLE_MODULES = YES;
				CLANG_ENABLE_OBJC_ARC = YES;
				CLANG_ENABLE_OBJC_WEAK = YES;
				CLANG_WARN_BLOCK_CAPTURE_AUTORELEASING = YES;
				CLANG_WARN_BOOL_CONVERSION = YES;
				CLANG_WARN_COMMA = YES;
				CLANG_WARN_CONSTANT_CONVERSION = YES;
				CLANG_WARN_DEPRECATED_OBJC_IMPLEMENTATIONS = YES;
				CLANG_WARN_DIRECT_OBJC_ISA_USAGE = YES_ERROR;
				CLANG_WARN_DOCUMENTATION_COMMENTS = YES;
				CLANG_WARN_EMPTY_BODY = YES;
				CLANG_WARN_ENUM_CONVERSION = YES;
				CLANG_WARN_INFINITE_RECURSION = YES;
				CLANG_WARN_INT_CONVERSION = YES;
				CLANG_WARN_NON_LITERAL_NULL_CONVERSION = YES;
				CLANG_WARN_OBJC_IMPLICIT_RETAIN_SELF = YES;
				CLANG_WARN_OBJC_LITERAL_CONVERSION = YES;
				CLANG_WARN_OBJC_ROOT_CLASS = YES_ERROR;
				CLANG_WARN_RANGE_LOOP_ANALYSIS = YES;
				CLANG_WARN_STRICT_PROTOTYPES = YES;
				CLANG_WARN_SUSPICIOUS_MOVE = YES;
				CLANG_WARN_UNGUARDED_AVAILABILITY = YES_AGGRESSIVE;
				CLANG_WARN_UNREACHABLE_CODE = YES;
				CLANG_WARN__DUPLICATE_METHOD_MATCH = YES;
				CODE_SIGN_IDENTITY = "iPhone Developer";
				COPY_PHASE_STRIP = NO;
				DEBUG_INFORMATION_FORMAT = dwarf;
				ENABLE_STRICT_OBJC_MSGSEND = YES;
				ENABLE_TESTABILITY = YES;
				GCC_C_LANGUAGE_STANDARD = gnu11;
				GCC_DYNAMIC_NO_PIC = NO;
				GCC_NO_COMMON_BLOCKS = YES;
				GCC_OPTIMIZATION_LEVEL = 0;
				GCC_PREPROCESSOR_DEFINITIONS = (
					"DEBUG=1",
					"$(inherited)",
				);
				GCC_WARN_64_TO_32_BIT_CONVERSION = YES;
				GCC_WARN_ABOUT_RETURN_TYPE = YES_ERROR;
				GCC_WARN_UNDECLARED_SELECTOR = YES;
				GCC_WARN_UNINITIALIZED_AUTOS = YES_AGGRESSIVE;
				GCC_WARN_UNUSED_FUNCTION = YES;
				GCC_WARN_UNUSED_VARIABLE = YES;
				IPHONEOS_DEPLOYMENT_TARGET = 12.1;
				MTL_ENABLE_DEBUG_INFO = INCLUDE_SOURCE;
				MTL_FAST_MATH = YES;
				ONLY_ACTIVE_ARCH = YES;
				SDKROOT = iphoneos;
				SWIFT_ACTIVE_COMPILATION_CONDITIONS = DEBUG;
				SWIFT_OPTIMIZATION_LEVEL = "-Onone";
			};
			name = Debug;
		};
		C5C7DCFD221B51B400DE1848 /* Release */ = {
			isa = XCBuildConfiguration;
			buildSettings = {
				ALWAYS_SEARCH_USER_PATHS = NO;
				CLANG_ANALYZER_NONNULL = YES;
				CLANG_ANALYZER_NUMBER_OBJECT_CONVERSION = YES_AGGRESSIVE;
				CLANG_CXX_LANGUAGE_STANDARD = "gnu++14";
				CLANG_CXX_LIBRARY = "libc++";
				CLANG_ENABLE_MODULES = YES;
				CLANG_ENABLE_OBJC_ARC = YES;
				CLANG_ENABLE_OBJC_WEAK = YES;
				CLANG_WARN_BLOCK_CAPTURE_AUTORELEASING = YES;
				CLANG_WARN_BOOL_CONVERSION = YES;
				CLANG_WARN_COMMA = YES;
				CLANG_WARN_CONSTANT_CONVERSION = YES;
				CLANG_WARN_DEPRECATED_OBJC_IMPLEMENTATIONS = YES;
				CLANG_WARN_DIRECT_OBJC_ISA_USAGE = YES_ERROR;
				CLANG_WARN_DOCUMENTATION_COMMENTS = YES;
				CLANG_WARN_EMPTY_BODY = YES;
				CLANG_WARN_ENUM_CONVERSION = YES;
				CLANG_WARN_INFINITE_RECURSION = YES;
				CLANG_WARN_INT_CONVERSION = YES;
				CLANG_WARN_NON_LITERAL_NULL_CONVERSION = YES;
				CLANG_WARN_OBJC_IMPLICIT_RETAIN_SELF = YES;
				CLANG_WARN_OBJC_LITERAL_CONVERSION = YES;
				CLANG_WARN_OBJC_ROOT_CLASS = YES_ERROR;
				CLANG_WARN_RANGE_LOOP_ANALYSIS = YES;
				CLANG_WARN_STRICT_PROTOTYPES = YES;
				CLANG_WARN_SUSPICIOUS_MOVE = YES;
				CLANG_WARN_UNGUARDED_AVAILABILITY = YES_AGGRESSIVE;
				CLANG_WARN_UNREACHABLE_CODE = YES;
				CLANG_WARN__DUPLICATE_METHOD_MATCH = YES;
				CODE_SIGN_IDENTITY = "iPhone Developer";
				COPY_PHASE_STRIP = NO;
				DEBUG_INFORMATION_FORMAT = "dwarf-with-dsym";
				ENABLE_NS_ASSERTIONS = NO;
				ENABLE_STRICT_OBJC_MSGSEND = YES;
				GCC_C_LANGUAGE_STANDARD = gnu11;
				GCC_NO_COMMON_BLOCKS = YES;
				GCC_WARN_64_TO_32_BIT_CONVERSION = YES;
				GCC_WARN_ABOUT_RETURN_TYPE = YES_ERROR;
				GCC_WARN_UNDECLARED_SELECTOR = YES;
				GCC_WARN_UNINITIALIZED_AUTOS = YES_AGGRESSIVE;
				GCC_WARN_UNUSED_FUNCTION = YES;
				GCC_WARN_UNUSED_VARIABLE = YES;
				IPHONEOS_DEPLOYMENT_TARGET = 12.1;
				MTL_ENABLE_DEBUG_INFO = NO;
				MTL_FAST_MATH = YES;
				SDKROOT = iphoneos;
				SWIFT_COMPILATION_MODE = wholemodule;
				SWIFT_OPTIMIZATION_LEVEL = "-O";
				VALIDATE_PRODUCT = YES;
			};
			name = Release;
		};
		C5C7DCFF221B51B400DE1848 /* Debug */ = {
			isa = XCBuildConfiguration;
			buildSettings = {
				ASSETCATALOG_COMPILER_APPICON_NAME = AppIcon;
				CODE_SIGN_STYLE = Automatic;
				INFOPLIST_FILE = RxStateManagement/Info.plist;
				LD_RUNPATH_SEARCH_PATHS = (
					"$(inherited)",
					"@executable_path/Frameworks",
				);
				PRODUCT_BUNDLE_IDENTIFIER = com.jsteff.RxStateManagement;
				PRODUCT_NAME = "$(TARGET_NAME)";
				SWIFT_VERSION = 4.2;
				TARGETED_DEVICE_FAMILY = "1,2";
			};
			name = Debug;
		};
		C5C7DD00221B51B400DE1848 /* Release */ = {
			isa = XCBuildConfiguration;
			buildSettings = {
				ASSETCATALOG_COMPILER_APPICON_NAME = AppIcon;
				CODE_SIGN_STYLE = Automatic;
				INFOPLIST_FILE = RxStateManagement/Info.plist;
				LD_RUNPATH_SEARCH_PATHS = (
					"$(inherited)",
					"@executable_path/Frameworks",
				);
				PRODUCT_BUNDLE_IDENTIFIER = com.jsteff.RxStateManagement;
				PRODUCT_NAME = "$(TARGET_NAME)";
				SWIFT_VERSION = 4.2;
				TARGETED_DEVICE_FAMILY = "1,2";
			};
			name = Release;
		};
		C5C7DD02221B51B400DE1848 /* Debug */ = {
			isa = XCBuildConfiguration;
			buildSettings = {
				ALWAYS_EMBED_SWIFT_STANDARD_LIBRARIES = YES;
				BUNDLE_LOADER = "$(TEST_HOST)";
				CODE_SIGN_STYLE = Automatic;
				INFOPLIST_FILE = RxStateManagementTests/Info.plist;
				LD_RUNPATH_SEARCH_PATHS = (
					"$(inherited)",
					"@executable_path/Frameworks",
					"@loader_path/Frameworks",
				);
				PRODUCT_BUNDLE_IDENTIFIER = com.jsteff.RxStateManagementTests;
				PRODUCT_NAME = "$(TARGET_NAME)";
				SWIFT_VERSION = 4.2;
				TARGETED_DEVICE_FAMILY = "1,2";
				TEST_HOST = "$(BUILT_PRODUCTS_DIR)/RxStateManagement.app/RxStateManagement";
			};
			name = Debug;
		};
		C5C7DD03221B51B400DE1848 /* Release */ = {
			isa = XCBuildConfiguration;
			buildSettings = {
				ALWAYS_EMBED_SWIFT_STANDARD_LIBRARIES = YES;
				BUNDLE_LOADER = "$(TEST_HOST)";
				CODE_SIGN_STYLE = Automatic;
				INFOPLIST_FILE = RxStateManagementTests/Info.plist;
				LD_RUNPATH_SEARCH_PATHS = (
					"$(inherited)",
					"@executable_path/Frameworks",
					"@loader_path/Frameworks",
				);
				PRODUCT_BUNDLE_IDENTIFIER = com.jsteff.RxStateManagementTests;
				PRODUCT_NAME = "$(TARGET_NAME)";
				SWIFT_VERSION = 4.2;
				TARGETED_DEVICE_FAMILY = "1,2";
				TEST_HOST = "$(BUILT_PRODUCTS_DIR)/RxStateManagement.app/RxStateManagement";
			};
			name = Release;
		};
		C5C7DD05221B51B400DE1848 /* Debug */ = {
			isa = XCBuildConfiguration;
			buildSettings = {
				ALWAYS_EMBED_SWIFT_STANDARD_LIBRARIES = YES;
				CODE_SIGN_STYLE = Automatic;
				INFOPLIST_FILE = RxStateManagementUITests/Info.plist;
				LD_RUNPATH_SEARCH_PATHS = (
					"$(inherited)",
					"@executable_path/Frameworks",
					"@loader_path/Frameworks",
				);
				PRODUCT_BUNDLE_IDENTIFIER = com.jsteff.RxStateManagementUITests;
				PRODUCT_NAME = "$(TARGET_NAME)";
				SWIFT_VERSION = 4.2;
				TARGETED_DEVICE_FAMILY = "1,2";
				TEST_TARGET_NAME = RxStateManagement;
			};
			name = Debug;
		};
		C5C7DD06221B51B400DE1848 /* Release */ = {
			isa = XCBuildConfiguration;
			buildSettings = {
				ALWAYS_EMBED_SWIFT_STANDARD_LIBRARIES = YES;
				CODE_SIGN_STYLE = Automatic;
				INFOPLIST_FILE = RxStateManagementUITests/Info.plist;
				LD_RUNPATH_SEARCH_PATHS = (
					"$(inherited)",
					"@executable_path/Frameworks",
					"@loader_path/Frameworks",
				);
				PRODUCT_BUNDLE_IDENTIFIER = com.jsteff.RxStateManagementUITests;
				PRODUCT_NAME = "$(TARGET_NAME)";
				SWIFT_VERSION = 4.2;
				TARGETED_DEVICE_FAMILY = "1,2";
				TEST_TARGET_NAME = RxStateManagement;
			};
			name = Release;
		};
/* End XCBuildConfiguration section */

/* Begin XCConfigurationList section */
		C5C7DCD1221B51B200DE1848 /* Build configuration list for PBXProject "RxStateManagement" */ = {
			isa = XCConfigurationList;
			buildConfigurations = (
				C5C7DCFC221B51B400DE1848 /* Debug */,
				C5C7DCFD221B51B400DE1848 /* Release */,
			);
			defaultConfigurationIsVisible = 0;
			defaultConfigurationName = Release;
		};
		C5C7DCFE221B51B400DE1848 /* Build configuration list for PBXNativeTarget "RxStateManagement" */ = {
			isa = XCConfigurationList;
			buildConfigurations = (
				C5C7DCFF221B51B400DE1848 /* Debug */,
				C5C7DD00221B51B400DE1848 /* Release */,
			);
			defaultConfigurationIsVisible = 0;
			defaultConfigurationName = Release;
		};
		C5C7DD01221B51B400DE1848 /* Build configuration list for PBXNativeTarget "RxStateManagementTests" */ = {
			isa = XCConfigurationList;
			buildConfigurations = (
				C5C7DD02221B51B400DE1848 /* Debug */,
				C5C7DD03221B51B400DE1848 /* Release */,
			);
			defaultConfigurationIsVisible = 0;
			defaultConfigurationName = Release;
		};
		C5C7DD04221B51B400DE1848 /* Build configuration list for PBXNativeTarget "RxStateManagementUITests" */ = {
			isa = XCConfigurationList;
			buildConfigurations = (
				C5C7DD05221B51B400DE1848 /* Debug */,
				C5C7DD06221B51B400DE1848 /* Release */,
			);
			defaultConfigurationIsVisible = 0;
			defaultConfigurationName = Release;
		};
/* End XCConfigurationList section */
	};
	rootObject = C5C7DCCE221B51B200DE1848 /* Project object */;
}
